
Microsoft Visual Studio Solution File, Format Version 12.00
# Visual Studio Version 16
VisualStudioVersion = 16.0.29728.190
MinimumVisualStudioVersion = 10.0.40219.1
Project("{2150E333-8FDC-42A3-9474-1A3956D46DE8}") = "Common", "Common", "{B54DA9D0-A297-4187-BEAA-5F7F9917CF9D}"
EndProject
Project("{2150E333-8FDC-42A3-9474-1A3956D46DE8}") = "Services", "Services", "{E198056A-ED45-421B-94DC-77829DEA7D61}"
EndProject
Project("{2150E333-8FDC-42A3-9474-1A3956D46DE8}") = "UI", "UI", "{0B0F9547-2E72-4731-AB3E-DA73CA292841}"
EndProject
Project("{9A19103F-16F7-4668-BE54-9A1E7A4F7556}") = "WebStore.Domain", "Common\WebStore.Domain\WebStore.Domain.csproj", "{6400D4BF-ABEB-4B23-9249-1EB457525261}"
EndProject
Project("{9A19103F-16F7-4668-BE54-9A1E7A4F7556}") = "WebStore.DAL", "Services\WebStore.DAL\WebStore.DAL.csproj", "{273DD1CD-88DA-469B-8D58-AE5DB1C35D20}"
EndProject
Project("{9A19103F-16F7-4668-BE54-9A1E7A4F7556}") = "WebStore", "UI\WebStore\WebStore.csproj", "{8D4945DB-D944-4982-8B5D-481CA943326E}"
EndProject
Project("{FAE04EC0-301F-11D3-BF4B-00C04F79EFBC}") = "WebStore.Interfaces", "Services\WebStore.Interfaces\WebStore.Interfaces.csproj", "{63C31AE0-D0F6-4F56-83AD-40ED1F177E98}"
EndProject
Project("{FAE04EC0-301F-11D3-BF4B-00C04F79EFBC}") = "WebStore.Services", "Services\WebStore.Services\WebStore.Services.csproj", "{78DE0554-B8FD-428A-8AC1-6C1EBFF8C806}"
EndProject
Global
	GlobalSection(SolutionConfigurationPlatforms) = preSolution
		Debug|Any CPU = Debug|Any CPU
		Release|Any CPU = Release|Any CPU
	EndGlobalSection
	GlobalSection(ProjectConfigurationPlatforms) = postSolution
		{6400D4BF-ABEB-4B23-9249-1EB457525261}.Debug|Any CPU.ActiveCfg = Debug|Any CPU
		{6400D4BF-ABEB-4B23-9249-1EB457525261}.Debug|Any CPU.Build.0 = Debug|Any CPU
		{6400D4BF-ABEB-4B23-9249-1EB457525261}.Release|Any CPU.ActiveCfg = Release|Any CPU
		{6400D4BF-ABEB-4B23-9249-1EB457525261}.Release|Any CPU.Build.0 = Release|Any CPU
		{273DD1CD-88DA-469B-8D58-AE5DB1C35D20}.Debug|Any CPU.ActiveCfg = Debug|Any CPU
		{273DD1CD-88DA-469B-8D58-AE5DB1C35D20}.Debug|Any CPU.Build.0 = Debug|Any CPU
		{273DD1CD-88DA-469B-8D58-AE5DB1C35D20}.Release|Any CPU.ActiveCfg = Release|Any CPU
		{273DD1CD-88DA-469B-8D58-AE5DB1C35D20}.Release|Any CPU.Build.0 = Release|Any CPU
		{8D4945DB-D944-4982-8B5D-481CA943326E}.Debug|Any CPU.ActiveCfg = Debug|Any CPU
		{8D4945DB-D944-4982-8B5D-481CA943326E}.Debug|Any CPU.Build.0 = Debug|Any CPU
		{8D4945DB-D944-4982-8B5D-481CA943326E}.Release|Any CPU.ActiveCfg = Release|Any CPU
		{8D4945DB-D944-4982-8B5D-481CA943326E}.Release|Any CPU.Build.0 = Release|Any CPU
		{63C31AE0-D0F6-4F56-83AD-40ED1F177E98}.Debug|Any CPU.ActiveCfg = Debug|Any CPU
		{63C31AE0-D0F6-4F56-83AD-40ED1F177E98}.Debug|Any CPU.Build.0 = Debug|Any CPU
		{63C31AE0-D0F6-4F56-83AD-40ED1F177E98}.Release|Any CPU.ActiveCfg = Release|Any CPU
		{63C31AE0-D0F6-4F56-83AD-40ED1F177E98}.Release|Any CPU.Build.0 = Release|Any CPU
		{78DE0554-B8FD-428A-8AC1-6C1EBFF8C806}.Debug|Any CPU.ActiveCfg = Debug|Any CPU
		{78DE0554-B8FD-428A-8AC1-6C1EBFF8C806}.Debug|Any CPU.Build.0 = Debug|Any CPU
		{78DE0554-B8FD-428A-8AC1-6C1EBFF8C806}.Release|Any CPU.ActiveCfg = Release|Any CPU
		{78DE0554-B8FD-428A-8AC1-6C1EBFF8C806}.Release|Any CPU.Build.0 = Release|Any CPU
	EndGlobalSection
	GlobalSection(SolutionProperties) = preSolution
		HideSolutionNode = FALSE
	EndGlobalSection
	GlobalSection(NestedProjects) = preSolution
		{6400D4BF-ABEB-4B23-9249-1EB457525261} = {B54DA9D0-A297-4187-BEAA-5F7F9917CF9D}
		{273DD1CD-88DA-469B-8D58-AE5DB1C35D20} = {E198056A-ED45-421B-94DC-77829DEA7D61}
		{8D4945DB-D944-4982-8B5D-481CA943326E} = {0B0F9547-2E72-4731-AB3E-DA73CA292841}
		{63C31AE0-D0F6-4F56-83AD-40ED1F177E98} = {E198056A-ED45-421B-94DC-77829DEA7D61}
		{78DE0554-B8FD-428A-8AC1-6C1EBFF8C806} = {E198056A-ED45-421B-94DC-77829DEA7D61}
	EndGlobalSection
	GlobalSection(ExtensibilityGlobals) = postSolution
		SolutionGuid = {3BFD59F1-2C61-4773-BEF0-023CD84A8E4C}
	EndGlobalSection
EndGlobal
