
Microsoft Visual Studio Solution File, Format Version 12.00
# Visual Studio Version 16
VisualStudioVersion = 16.0.29728.190
MinimumVisualStudioVersion = 10.0.40219.1
Project("{FAE04EC0-301F-11D3-BF4B-00C04F79EFBC}") = "WebStore", "WebStore.csproj", "{CA5B8581-45B4-41FC-9180-0D189E1A4226}"
EndProject
Global
	GlobalSection(SolutionConfigurationPlatforms) = preSolution
		Debug|Any CPU = Debug|Any CPU
		Release|Any CPU = Release|Any CPU
	EndGlobalSection
	GlobalSection(ProjectConfigurationPlatforms) = postSolution
		{CA5B8581-45B4-41FC-9180-0D189E1A4226}.Debug|Any CPU.ActiveCfg = Debug|Any CPU
		{CA5B8581-45B4-41FC-9180-0D189E1A4226}.Debug|Any CPU.Build.0 = Debug|Any CPU
		{CA5B8581-45B4-41FC-9180-0D189E1A4226}.Release|Any CPU.ActiveCfg = Release|Any CPU
		{CA5B8581-45B4-41FC-9180-0D189E1A4226}.Release|Any CPU.Build.0 = Release|Any CPU
	EndGlobalSection
	GlobalSection(SolutionProperties) = preSolution
		HideSolutionNode = FALSE
	EndGlobalSection
	GlobalSection(ExtensibilityGlobals) = postSolution
		SolutionGuid = {3BFD59F1-2C61-4773-BEF0-023CD84A8E4C}
	EndGlobalSection
EndGlobal
