
Microsoft Visual Studio Solution File, Format Version 12.00
# Visual Studio Version 16
VisualStudioVersion = 16.0.29728.190
MinimumVisualStudioVersion = 10.0.40219.1
Project("{FAE04EC0-301F-11D3-BF4B-00C04F79EFBC}") = "WebStore.Domain", "WebStore.Domain\WebStore.Domain.csproj", "{29E2F9DC-79D9-4127-9DA9-4C932A121AFB}"
EndProject
Project("{9A19103F-16F7-4668-BE54-9A1E7A4F7556}") = "WebStore", "WebStore\WebStore.csproj", "{1437C591-1955-4D5C-B0F8-0396B2C92146}"
EndProject
Global
	GlobalSection(SolutionConfigurationPlatforms) = preSolution
		Debug|Any CPU = Debug|Any CPU
		Release|Any CPU = Release|Any CPU
	EndGlobalSection
	GlobalSection(ProjectConfigurationPlatforms) = postSolution
		{29E2F9DC-79D9-4127-9DA9-4C932A121AFB}.Debug|Any CPU.ActiveCfg = Debug|Any CPU
		{29E2F9DC-79D9-4127-9DA9-4C932A121AFB}.Debug|Any CPU.Build.0 = Debug|Any CPU
		{29E2F9DC-79D9-4127-9DA9-4C932A121AFB}.Release|Any CPU.ActiveCfg = Release|Any CPU
		{29E2F9DC-79D9-4127-9DA9-4C932A121AFB}.Release|Any CPU.Build.0 = Release|Any CPU
		{1437C591-1955-4D5C-B0F8-0396B2C92146}.Debug|Any CPU.ActiveCfg = Debug|Any CPU
		{1437C591-1955-4D5C-B0F8-0396B2C92146}.Debug|Any CPU.Build.0 = Debug|Any CPU
		{1437C591-1955-4D5C-B0F8-0396B2C92146}.Release|Any CPU.ActiveCfg = Release|Any CPU
		{1437C591-1955-4D5C-B0F8-0396B2C92146}.Release|Any CPU.Build.0 = Release|Any CPU
	EndGlobalSection
	GlobalSection(SolutionProperties) = preSolution
		HideSolutionNode = FALSE
	EndGlobalSection
	GlobalSection(ExtensibilityGlobals) = postSolution
		SolutionGuid = {3BFD59F1-2C61-4773-BEF0-023CD84A8E4C}
	EndGlobalSection
EndGlobal
